github.com/farukterzioglu/yew-btc v1.0.0/go.mod h1:qW5NpS3wGvZRaYtlMN49uPSKj2koaOdp06hc/dy7bD4=
github.com/farukterzioglu/yew-btc v1.0.1/go.mod h1:qW5NpS3wGvZRaYtlMN49uPSKj2koaOdp06hc/dy7bD4=
github.com/farukterzioglu/yew-btc v1.0.2 h1:ykf+KBoeCAYjhq6i59DIqnutwnuvhmCLwSnnC93a+vU=
github.com/farukterzioglu/yew-btc v1.0.2/go.mod h1:qW5NpS3wGvZRaYtlMN49uPSKj2koaOdp06hc/dy7bD4=
